
Microsoft Visual Studio Solution File, Format Version 12.00
# Visual Studio Version 17
VisualStudioVersion = 17.13.35828.75 d17.13
MinimumVisualStudioVersion = 10.0.40219.1
Project("{FAE04EC0-301F-11D3-BF4B-00C04F79EFBC}") = "ImageGeneratorService", "ImageGeneratorService\ImageGeneratorService.csproj", "{696BED0D-2C2F-4A57-B2D0-500DB37F5BCA}"
EndProject
Global
	GlobalSection(SolutionConfigurationPlatforms) = preSolution
		Debug|Any CPU = Debug|Any CPU
		Release|Any CPU = Release|Any CPU
	EndGlobalSection
	GlobalSection(ProjectConfigurationPlatforms) = postSolution
		{696BED0D-2C2F-4A57-B2D0-500DB37F5BCA}.Debug|Any CPU.ActiveCfg = Debug|Any CPU
		{696BED0D-2C2F-4A57-B2D0-500DB37F5BCA}.Debug|Any CPU.Build.0 = Debug|Any CPU
		{696BED0D-2C2F-4A57-B2D0-500DB37F5BCA}.Release|Any CPU.ActiveCfg = Release|Any CPU
		{696BED0D-2C2F-4A57-B2D0-500DB37F5BCA}.Release|Any CPU.Build.0 = Release|Any CPU
	EndGlobalSection
	GlobalSection(SolutionProperties) = preSolution
		HideSolutionNode = FALSE
	EndGlobalSection
	GlobalSection(ExtensibilityGlobals) = postSolution
		SolutionGuid = {19A85AE7-23A7-4A45-B479-B2E2F48B8BA7}
	EndGlobalSection
EndGlobal
